
Microsoft Visual Studio Solution File, Format Version 12.00
# Visual Studio Version 17
VisualStudioVersion = 17.0.32112.339
MinimumVisualStudioVersion = 10.0.40219.1
Project("{9A19103F-16F7-4668-BE54-9A1E7A4F7556}") = "ezviz.net", "ezviz.net\ezviz.net.csproj", "{7A1E0999-6F3D-44B4-9C5E-092FCC922159}"
EndProject
Project("{9A19103F-16F7-4668-BE54-9A1E7A4F7556}") = "ezviz-mqtt-systemd", "ezviz-mqtt-systemd\ezviz-mqtt-systemd.csproj", "{5469945E-D921-4BA9-9883-A7144D50708E}"
EndProject
Project("{9A19103F-16F7-4668-BE54-9A1E7A4F7556}") = "ezviz-mqtt", "ezviz-mqtt\ezviz-mqtt.csproj", "{03D43C91-540C-4F5C-BB9E-3A0D8BBF0711}"
EndProject
Project("{9A19103F-16F7-4668-BE54-9A1E7A4F7556}") = "ezviz-mqtt-windows-service", "ezviz-mqtt-windows-service\ezviz-mqtt-windows-service.csproj", "{252738D6-4D02-4291-B265-D2CF1431AD1F}"
EndProject
Project("{9A19103F-16F7-4668-BE54-9A1E7A4F7556}") = "ezviz-cli", "ezviz-cli\ezviz-cli.csproj", "{27D3E0BF-245A-4299-A58E-1A14E0F9E9B7}"
EndProject
Project("{9A19103F-16F7-4668-BE54-9A1E7A4F7556}") = "ezviz.net.tests", "ezviz.net.tests\ezviz.net.tests.csproj", "{724AC69B-74F4-4965-BB4F-E0C315E99F4E}"
EndProject
Project("{2150E333-8FDC-42A3-9474-1A3956D46DE8}") = "build", "build", "{A6EC904F-FEE0-4019-B320-0C855DD71AAC}"
	ProjectSection(SolutionItems) = preProject
		build-docker-amd64.sh = build-docker-amd64.sh
		build-docker-arm.sh = build-docker-arm.sh
		build-docker.sh = build-docker.sh
		docker-compose.yml = docker-compose.yml
		Dockerfile = Dockerfile
		publish-docker-amd64.sh = publish-docker-amd64.sh
		publish-docker-arm.sh = publish-docker-arm.sh
		publish-docker.sh = publish-docker.sh
	EndProjectSection
EndProject
Global
	GlobalSection(SolutionConfigurationPlatforms) = preSolution
		Debug|Any CPU = Debug|Any CPU
		Release|Any CPU = Release|Any CPU
	EndGlobalSection
	GlobalSection(ProjectConfigurationPlatforms) = postSolution
		{7A1E0999-6F3D-44B4-9C5E-092FCC922159}.Debug|Any CPU.ActiveCfg = Debug|Any CPU
		{7A1E0999-6F3D-44B4-9C5E-092FCC922159}.Debug|Any CPU.Build.0 = Debug|Any CPU
		{7A1E0999-6F3D-44B4-9C5E-092FCC922159}.Release|Any CPU.ActiveCfg = Release|Any CPU
		{7A1E0999-6F3D-44B4-9C5E-092FCC922159}.Release|Any CPU.Build.0 = Release|Any CPU
		{5469945E-D921-4BA9-9883-A7144D50708E}.Debug|Any CPU.ActiveCfg = Debug|Any CPU
		{5469945E-D921-4BA9-9883-A7144D50708E}.Debug|Any CPU.Build.0 = Debug|Any CPU
		{5469945E-D921-4BA9-9883-A7144D50708E}.Release|Any CPU.ActiveCfg = Release|Any CPU
		{5469945E-D921-4BA9-9883-A7144D50708E}.Release|Any CPU.Build.0 = Release|Any CPU
		{03D43C91-540C-4F5C-BB9E-3A0D8BBF0711}.Debug|Any CPU.ActiveCfg = Debug|Any CPU
		{03D43C91-540C-4F5C-BB9E-3A0D8BBF0711}.Debug|Any CPU.Build.0 = Debug|Any CPU
		{03D43C91-540C-4F5C-BB9E-3A0D8BBF0711}.Release|Any CPU.ActiveCfg = Release|Any CPU
		{03D43C91-540C-4F5C-BB9E-3A0D8BBF0711}.Release|Any CPU.Build.0 = Release|Any CPU
		{252738D6-4D02-4291-B265-D2CF1431AD1F}.Debug|Any CPU.ActiveCfg = Debug|Any CPU
		{252738D6-4D02-4291-B265-D2CF1431AD1F}.Debug|Any CPU.Build.0 = Debug|Any CPU
		{252738D6-4D02-4291-B265-D2CF1431AD1F}.Release|Any CPU.ActiveCfg = Release|Any CPU
		{252738D6-4D02-4291-B265-D2CF1431AD1F}.Release|Any CPU.Build.0 = Release|Any CPU
		{27D3E0BF-245A-4299-A58E-1A14E0F9E9B7}.Debug|Any CPU.ActiveCfg = Debug|Any CPU
		{27D3E0BF-245A-4299-A58E-1A14E0F9E9B7}.Debug|Any CPU.Build.0 = Debug|Any CPU
		{27D3E0BF-245A-4299-A58E-1A14E0F9E9B7}.Release|Any CPU.ActiveCfg = Release|Any CPU
		{27D3E0BF-245A-4299-A58E-1A14E0F9E9B7}.Release|Any CPU.Build.0 = Release|Any CPU
		{724AC69B-74F4-4965-BB4F-E0C315E99F4E}.Debug|Any CPU.ActiveCfg = Debug|Any CPU
		{724AC69B-74F4-4965-BB4F-E0C315E99F4E}.Debug|Any CPU.Build.0 = Debug|Any CPU
		{724AC69B-74F4-4965-BB4F-E0C315E99F4E}.Release|Any CPU.ActiveCfg = Release|Any CPU
		{724AC69B-74F4-4965-BB4F-E0C315E99F4E}.Release|Any CPU.Build.0 = Release|Any CPU
	EndGlobalSection
	GlobalSection(SolutionProperties) = preSolution
		HideSolutionNode = FALSE
	EndGlobalSection
	GlobalSection(ExtensibilityGlobals) = postSolution
		SolutionGuid = {4E1664F3-6982-4E6F-8D8E-E4B9E1846C5E}
	EndGlobalSection
EndGlobal
